
Microsoft Visual Studio Solution File, Format Version 12.00
# Visual Studio Version 17
VisualStudioVersion = 17.3.32929.385
MinimumVisualStudioVersion = 10.0.40219.1
Project("{FAE04EC0-301F-11D3-BF4B-00C04F79EFBC}") = "vuvansang-2080600626", "vuvansang-2080600626.csproj", "{C6069565-DC07-4113-930B-14F57EB96EA4}"
EndProject
Global
	GlobalSection(SolutionConfigurationPlatforms) = preSolution
		Debug|Any CPU = Debug|Any CPU
		Release|Any CPU = Release|Any CPU
	EndGlobalSection
	GlobalSection(ProjectConfigurationPlatforms) = postSolution
		{C6069565-DC07-4113-930B-14F57EB96EA4}.Debug|Any CPU.ActiveCfg = Debug|Any CPU
		{C6069565-DC07-4113-930B-14F57EB96EA4}.Debug|Any CPU.Build.0 = Debug|Any CPU
		{C6069565-DC07-4113-930B-14F57EB96EA4}.Release|Any CPU.ActiveCfg = Release|Any CPU
		{C6069565-DC07-4113-930B-14F57EB96EA4}.Release|Any CPU.Build.0 = Release|Any CPU
	EndGlobalSection
	GlobalSection(SolutionProperties) = preSolution
		HideSolutionNode = FALSE
	EndGlobalSection
	GlobalSection(ExtensibilityGlobals) = postSolution
		SolutionGuid = {BC3580AB-A0BB-4CF7-B208-27D0279D22FB}
	EndGlobalSection
EndGlobal
